
Microsoft Visual Studio Solution File, Format Version 12.00
# Visual Studio 14
VisualStudioVersion = 14.0.24720.0
MinimumVisualStudioVersion = 10.0.40219.1
Project("{FAE04EC0-301F-11D3-BF4B-00C04F79EFBC}") = "BVNetwork.Attend", "BVNetwork.Attend\BVNetwork.Attend.csproj", "{6E7DC699-26A5-4BC2-A851-CBCB8DC475B0}"
EndProject
Project("{FAE04EC0-301F-11D3-BF4B-00C04F79EFBC}") = "BVNetwork.Attend.Forms", "BVNetwork.Attend.Forms\BVNetwork.Attend.Forms.csproj", "{68E5D4AC-5AA7-4061-976A-9E3B24CCD009}"
EndProject
Global
	GlobalSection(SolutionConfigurationPlatforms) = preSolution
		Debug|Any CPU = Debug|Any CPU
		Release|Any CPU = Release|Any CPU
	EndGlobalSection
	GlobalSection(ProjectConfigurationPlatforms) = postSolution
		{6E7DC699-26A5-4BC2-A851-CBCB8DC475B0}.Debug|Any CPU.ActiveCfg = Debug|Any CPU
		{6E7DC699-26A5-4BC2-A851-CBCB8DC475B0}.Debug|Any CPU.Build.0 = Debug|Any CPU
		{6E7DC699-26A5-4BC2-A851-CBCB8DC475B0}.Release|Any CPU.ActiveCfg = Release|Any CPU
		{6E7DC699-26A5-4BC2-A851-CBCB8DC475B0}.Release|Any CPU.Build.0 = Release|Any CPU
		{68E5D4AC-5AA7-4061-976A-9E3B24CCD009}.Debug|Any CPU.ActiveCfg = Debug|Any CPU
		{68E5D4AC-5AA7-4061-976A-9E3B24CCD009}.Debug|Any CPU.Build.0 = Debug|Any CPU
		{68E5D4AC-5AA7-4061-976A-9E3B24CCD009}.Release|Any CPU.ActiveCfg = Release|Any CPU
		{68E5D4AC-5AA7-4061-976A-9E3B24CCD009}.Release|Any CPU.Build.0 = Release|Any CPU
	EndGlobalSection
	GlobalSection(SolutionProperties) = preSolution
		HideSolutionNode = FALSE
	EndGlobalSection
EndGlobal
